
Microsoft Visual Studio Solution File, Format Version 12.00
# Visual Studio 15
VisualStudioVersion = 15.0.27428.2005
MinimumVisualStudioVersion = 10.0.40219.1
Project("{FAE04EC0-301F-11D3-BF4B-00C04F79EFBC}") = "UI", "WindowsFormsApp1\UI.csproj", "{086E487F-E37B-47FB-BD8E-218A561D409C}"
EndProject
Project("{FAE04EC0-301F-11D3-BF4B-00C04F79EFBC}") = "RN", "RN\RN.csproj", "{A6EB3E4B-BEBF-4A15-B4EB-B92F6FEF18B9}"
EndProject
Project("{FAE04EC0-301F-11D3-BF4B-00C04F79EFBC}") = "CapaDatos", "CapaDatos\CapaDatos.csproj", "{9F6DFC3B-45EC-4973-BD7C-ECCE8EBEECB5}"
EndProject
Global
	GlobalSection(SolutionConfigurationPlatforms) = preSolution
		Debug|Any CPU = Debug|Any CPU
		Release|Any CPU = Release|Any CPU
	EndGlobalSection
	GlobalSection(ProjectConfigurationPlatforms) = postSolution
		{086E487F-E37B-47FB-BD8E-218A561D409C}.Debug|Any CPU.ActiveCfg = Debug|Any CPU
		{086E487F-E37B-47FB-BD8E-218A561D409C}.Debug|Any CPU.Build.0 = Debug|Any CPU
		{086E487F-E37B-47FB-BD8E-218A561D409C}.Release|Any CPU.ActiveCfg = Release|Any CPU
		{086E487F-E37B-47FB-BD8E-218A561D409C}.Release|Any CPU.Build.0 = Release|Any CPU
		{A6EB3E4B-BEBF-4A15-B4EB-B92F6FEF18B9}.Debug|Any CPU.ActiveCfg = Debug|Any CPU
		{A6EB3E4B-BEBF-4A15-B4EB-B92F6FEF18B9}.Debug|Any CPU.Build.0 = Debug|Any CPU
		{A6EB3E4B-BEBF-4A15-B4EB-B92F6FEF18B9}.Release|Any CPU.ActiveCfg = Release|Any CPU
		{A6EB3E4B-BEBF-4A15-B4EB-B92F6FEF18B9}.Release|Any CPU.Build.0 = Release|Any CPU
		{9F6DFC3B-45EC-4973-BD7C-ECCE8EBEECB5}.Debug|Any CPU.ActiveCfg = Debug|Any CPU
		{9F6DFC3B-45EC-4973-BD7C-ECCE8EBEECB5}.Debug|Any CPU.Build.0 = Debug|Any CPU
		{9F6DFC3B-45EC-4973-BD7C-ECCE8EBEECB5}.Release|Any CPU.ActiveCfg = Release|Any CPU
		{9F6DFC3B-45EC-4973-BD7C-ECCE8EBEECB5}.Release|Any CPU.Build.0 = Release|Any CPU
	EndGlobalSection
	GlobalSection(SolutionProperties) = preSolution
		HideSolutionNode = FALSE
	EndGlobalSection
	GlobalSection(ExtensibilityGlobals) = postSolution
		SolutionGuid = {C03FA09D-38EF-4620-A15D-0D2BD7C62EAC}
	EndGlobalSection
EndGlobal
